PODS:
  - Alamofire (4.9.1)
  - AlamofireSwiftyJSON (1.0.2):
    - Alamofire (~> 4.0)
    - SwiftyJSON (~> 4.0)
  - AppCenter (4.3.0):
    - AppCenter/Analytics (= 4.3.0)
    - AppCenter/Crashes (= 4.3.0)
  - AppCenter/Analytics (4.3.0):
    - AppCenter/Core
  - AppCenter/Core (4.3.0)
  - AppCenter/Crashes (4.3.0):
    - AppCenter/Core
  - DropDown (2.3.13)
  - DynamicColor (4.2.0)
  - Floaty (4.2.0)
  - FSPagerView (0.8.3)
  - GoogleMaps (5.1.0):
    - GoogleMaps/Maps (= 5.1.0)
  - GoogleMaps/Base (5.1.0)
  - GoogleMaps/Maps (5.1.0):
    - GoogleMaps/Base
  - GooglePlaces (5.1.0)
  - ImagePicker (3.2.0)
  - ImageScrollView (1.9.3)
  - ImageSlideshow (1.9.2):
    - ImageSlideshow/Core (= 1.9.2)
  - ImageSlideshow/Core (1.9.2)
  - InfiniteLayout (0.5):
    - InfiniteLayout/Core (= 0.5)
  - InfiniteLayout/CocoaProxy (0.5)
  - InfiniteLayout/Core (0.5):
    - InfiniteLayout/CocoaProxy
  - IQDropDownTextField (1.1.1)
  - IQKeyboardManagerSwift (6.5.6)
  - PasswordTextField (1.2.0)
  - Presentr (1.9)
  - SCLAlertView (0.8)
  - SDWebImage (4.4.8):
    - SDWebImage/Core (= 4.4.8)
  - SDWebImage/Core (4.4.8)
  - SVProgressHUD (2.2.5)
  - SwiftSignalRClient (0.8.0)
  - SwiftyJSON (4.3.0)

DEPENDENCIES:
  - Alamofire (~> 4.9.1)
  - AlamofireSwiftyJSON (~> 1.0)
  - AppCenter
  - DropDown
  - DynamicColor (~> 4.0)
  - Floaty (~> 4.2.0)
  - FSPagerView
  - GoogleMaps
  - GooglePlaces
  - ImagePicker
  - ImageScrollView
  - ImageSlideshow (~> 1.9.0)
  - InfiniteLayout
  - IQDropDownTextField (~> 1.1)
  - IQKeyboardManagerSwift (~> 6.5.4)
  - PasswordTextField
  - Presentr
  - SCLAlertView
  - SDWebImage (~> 4.2)
  - SVProgressHUD
  - SwiftSignalRClient

SPEC REPOS:
  trunk:
    - Alamofire
    - AlamofireSwiftyJSON
    - AppCenter
    - DropDown
    - DynamicColor
    - Floaty
    - FSPagerView
    - GoogleMaps
    - GooglePlaces
    - ImagePicker
    - ImageScrollView
    - ImageSlideshow
    - InfiniteLayout
    - IQDropDownTextField
    - IQKeyboardManagerSwift
    - PasswordTextField
    - Presentr
    - SCLAlertView
    - SDWebImage
    - SVProgressHUD
    - SwiftSignalRClient
    - SwiftyJSON

SPEC CHECKSUMS:
  Alamofire: 85e8a02c69d6020a0d734f6054870d7ecb75cf18
  AlamofireSwiftyJSON: 74ee3804bed06d07857daf1eeb1615c85dba3997
  AppCenter: 883369ab78427b0561c688158d689dfe1f993ea9
  DropDown: 8a2116376c1981888557f72ec2ffc9a5e0e456ec
  DynamicColor: c475f66bda1cabf602f2c54ac1171c0c07148a5a
  Floaty: e2bd5a0f6f7f70899e26ff2da31081c8bee8d1b0
  FSPagerView: 670405b2f18e2a87fa37f20b00de783e562c25a8
  GoogleMaps: 086ae1dab659eaa7339bdb30fc88e2f44e7c597c
  GooglePlaces: c57cd5aa7e91d10fa5106c792de74f3bd6436260
  ImagePicker: 1d950bbb2422548ed58791b4ec7f42fe42920511
  ImageScrollView: d3ce8371e0d44299b2b638410db45387e18aa83f
  ImageSlideshow: be305b54eaf2b2cfc7a7141c7c734605d44dc07d
  InfiniteLayout: 2c55b0fc14b6a9d924fbe13c0e2d88b1cbf5423d
  IQDropDownTextField: 3d2e5728a2b83ff5dbb14cb9b497a80005124cbe
  IQKeyboardManagerSwift: c7df9d2deb356c04522f5c4b7b6e4ce4d8ed94fe
  PasswordTextField: 2548de43f150fc90a014da47b0d97e31aada4b94
  Presentr: 7078d7eb5d1661ebeaae60c9e42a1e534de1b993
  SCLAlertView: 6a77bb2edfc65e04dbe57725546cb4107a506b85
  SDWebImage: 783af2c3fa36291a250030c4752ee370a9a51d13
  SVProgressHUD: 1428aafac632c1f86f62aa4243ec12008d7a51d6
  SwiftSignalRClient: fcdfa9141dd191b5c219df87adbfc58f6f1f5554
  SwiftyJSON: 6faa0040f8b59dead0ee07436cbf76b73c08fd08

PODFILE CHECKSUM: bbeabb66141d54f6ce9888166319ce9e23f67463

COCOAPODS: 1.11.2
